
Microsoft Visual Studio Solution File, Format Version 12.00
# Visual Studio 14
VisualStudioVersion = 14.0.23107.0
MinimumVisualStudioVersion = 10.0.40219.1
Project("{8BC9CEB8-8B4A-11D0-8D11-00A0C91BC942}") = "SocketsClient", "SocketsClient\SocketsClient.vcxproj", "{5E7882B9-7414-4F5B-8114-4616CAE4B496}"
EndProject
Project("{8BC9CEB8-8B4A-11D0-8D11-00A0C91BC942}") = "SocketsServer", "SocketsServer\SocketsServer.vcxproj", "{4ACF29CB-AAEF-4C45-93CF-CD7E6C2B893A}"
EndProject
Project("{FAE04EC0-301F-11D3-BF4B-00C04F79EFBC}") = "CSharpClient", "CSharpClient\CSharpClient.csproj", "{5A49BA02-C819-44F6-BE9C-F8204CD3BA2B}"
EndProject
Global
	GlobalSection(SolutionConfigurationPlatforms) = preSolution
		Debug|Any CPU = Debug|Any CPU
		Debug|ARM = Debug|ARM
		Debug|x64 = Debug|x64
		Debug|x86 = Debug|x86
		Release|Any CPU = Release|Any CPU
		Release|ARM = Release|ARM
		Release|x64 = Release|x64
		Release|x86 = Release|x86
	EndGlobalSection
	GlobalSection(ProjectConfigurationPlatforms) = postSolution
		{5E7882B9-7414-4F5B-8114-4616CAE4B496}.Debug|Any CPU.ActiveCfg = Debug|Win32
		{5E7882B9-7414-4F5B-8114-4616CAE4B496}.Debug|ARM.ActiveCfg = Debug|Win32
		{5E7882B9-7414-4F5B-8114-4616CAE4B496}.Debug|x64.ActiveCfg = Debug|x64
		{5E7882B9-7414-4F5B-8114-4616CAE4B496}.Debug|x64.Build.0 = Debug|x64
		{5E7882B9-7414-4F5B-8114-4616CAE4B496}.Debug|x86.ActiveCfg = Debug|Win32
		{5E7882B9-7414-4F5B-8114-4616CAE4B496}.Debug|x86.Build.0 = Debug|Win32
		{5E7882B9-7414-4F5B-8114-4616CAE4B496}.Debug|x86.Deploy.0 = Debug|Win32
		{5E7882B9-7414-4F5B-8114-4616CAE4B496}.Release|Any CPU.ActiveCfg = Release|Win32
		{5E7882B9-7414-4F5B-8114-4616CAE4B496}.Release|ARM.ActiveCfg = Release|Win32
		{5E7882B9-7414-4F5B-8114-4616CAE4B496}.Release|x64.ActiveCfg = Release|x64
		{5E7882B9-7414-4F5B-8114-4616CAE4B496}.Release|x64.Build.0 = Release|x64
		{5E7882B9-7414-4F5B-8114-4616CAE4B496}.Release|x86.ActiveCfg = Release|Win32
		{5E7882B9-7414-4F5B-8114-4616CAE4B496}.Release|x86.Build.0 = Release|Win32
		{4ACF29CB-AAEF-4C45-93CF-CD7E6C2B893A}.Debug|Any CPU.ActiveCfg = Debug|Win32
		{4ACF29CB-AAEF-4C45-93CF-CD7E6C2B893A}.Debug|ARM.ActiveCfg = Debug|Win32
		{4ACF29CB-AAEF-4C45-93CF-CD7E6C2B893A}.Debug|x64.ActiveCfg = Debug|x64
		{4ACF29CB-AAEF-4C45-93CF-CD7E6C2B893A}.Debug|x64.Build.0 = Debug|x64
		{4ACF29CB-AAEF-4C45-93CF-CD7E6C2B893A}.Debug|x86.ActiveCfg = Debug|Win32
		{4ACF29CB-AAEF-4C45-93CF-CD7E6C2B893A}.Debug|x86.Build.0 = Debug|Win32
		{4ACF29CB-AAEF-4C45-93CF-CD7E6C2B893A}.Debug|x86.Deploy.0 = Debug|Win32
		{4ACF29CB-AAEF-4C45-93CF-CD7E6C2B893A}.Release|Any CPU.ActiveCfg = Release|Win32
		{4ACF29CB-AAEF-4C45-93CF-CD7E6C2B893A}.Release|ARM.ActiveCfg = Release|Win32
		{4ACF29CB-AAEF-4C45-93CF-CD7E6C2B893A}.Release|x64.ActiveCfg = Release|x64
		{4ACF29CB-AAEF-4C45-93CF-CD7E6C2B893A}.Release|x64.Build.0 = Release|x64
		{4ACF29CB-AAEF-4C45-93CF-CD7E6C2B893A}.Release|x86.ActiveCfg = Release|Win32
		{4ACF29CB-AAEF-4C45-93CF-CD7E6C2B893A}.Release|x86.Build.0 = Release|Win32
		{5A49BA02-C819-44F6-BE9C-F8204CD3BA2B}.Debug|Any CPU.ActiveCfg = Debug|Any CPU
		{5A49BA02-C819-44F6-BE9C-F8204CD3BA2B}.Debug|Any CPU.Build.0 = Debug|Any CPU
		{5A49BA02-C819-44F6-BE9C-F8204CD3BA2B}.Debug|ARM.ActiveCfg = Debug|Any CPU
		{5A49BA02-C819-44F6-BE9C-F8204CD3BA2B}.Debug|ARM.Build.0 = Debug|Any CPU
		{5A49BA02-C819-44F6-BE9C-F8204CD3BA2B}.Debug|x64.ActiveCfg = Debug|Any CPU
		{5A49BA02-C819-44F6-BE9C-F8204CD3BA2B}.Debug|x64.Build.0 = Debug|Any CPU
		{5A49BA02-C819-44F6-BE9C-F8204CD3BA2B}.Debug|x86.ActiveCfg = Debug|Any CPU
		{5A49BA02-C819-44F6-BE9C-F8204CD3BA2B}.Debug|x86.Build.0 = Debug|Any CPU
		{5A49BA02-C819-44F6-BE9C-F8204CD3BA2B}.Release|Any CPU.ActiveCfg = Release|Any CPU
		{5A49BA02-C819-44F6-BE9C-F8204CD3BA2B}.Release|Any CPU.Build.0 = Release|Any CPU
		{5A49BA02-C819-44F6-BE9C-F8204CD3BA2B}.Release|ARM.ActiveCfg = Release|Any CPU
		{5A49BA02-C819-44F6-BE9C-F8204CD3BA2B}.Release|ARM.Build.0 = Release|Any CPU
		{5A49BA02-C819-44F6-BE9C-F8204CD3BA2B}.Release|x64.ActiveCfg = Release|Any CPU
		{5A49BA02-C819-44F6-BE9C-F8204CD3BA2B}.Release|x64.Build.0 = Release|Any CPU
		{5A49BA02-C819-44F6-BE9C-F8204CD3BA2B}.Release|x86.ActiveCfg = Release|Any CPU
		{5A49BA02-C819-44F6-BE9C-F8204CD3BA2B}.Release|x86.Build.0 = Release|Any CPU
	EndGlobalSection
	GlobalSection(SolutionProperties) = preSolution
		HideSolutionNode = FALSE
	EndGlobalSection
EndGlobal
