
Microsoft Visual Studio Solution File, Format Version 12.00
# Visual Studio 14
VisualStudioVersion = 14.0.23107.0
MinimumVisualStudioVersion = 10.0.40219.1
Project("{FAE04EC0-301F-11D3-BF4B-00C04F79EFBC}") = "AccessLibrary", "AccessLibrary\AccessLibrary.csproj", "{823ABEBC-EDA8-42F6-9A57-1FC7511A252B}"
EndProject
Project("{FAE04EC0-301F-11D3-BF4B-00C04F79EFBC}") = "AccessLibraryTest", "AccessLibraryTest\AccessLibraryTest.csproj", "{AC6D7534-22D9-451F-95F2-1E757ACD5A02}"
EndProject
Global
	GlobalSection(SolutionConfigurationPlatforms) = preSolution
		Debug|Any CPU = Debug|Any CPU
		Release|Any CPU = Release|Any CPU
	EndGlobalSection
	GlobalSection(ProjectConfigurationPlatforms) = postSolution
		{823ABEBC-EDA8-42F6-9A57-1FC7511A252B}.Debug|Any CPU.ActiveCfg = Debug|Any CPU
		{823ABEBC-EDA8-42F6-9A57-1FC7511A252B}.Debug|Any CPU.Build.0 = Debug|Any CPU
		{823ABEBC-EDA8-42F6-9A57-1FC7511A252B}.Release|Any CPU.ActiveCfg = Release|Any CPU
		{823ABEBC-EDA8-42F6-9A57-1FC7511A252B}.Release|Any CPU.Build.0 = Release|Any CPU
		{AC6D7534-22D9-451F-95F2-1E757ACD5A02}.Debug|Any CPU.ActiveCfg = Debug|Any CPU
		{AC6D7534-22D9-451F-95F2-1E757ACD5A02}.Debug|Any CPU.Build.0 = Debug|Any CPU
		{AC6D7534-22D9-451F-95F2-1E757ACD5A02}.Release|Any CPU.ActiveCfg = Release|Any CPU
		{AC6D7534-22D9-451F-95F2-1E757ACD5A02}.Release|Any CPU.Build.0 = Release|Any CPU
	EndGlobalSection
	GlobalSection(SolutionProperties) = preSolution
		HideSolutionNode = FALSE
	EndGlobalSection
EndGlobal
